# @generated by Move, please check-in and do not edit manually.

[move]
version = 2
manifest_digest = "FA4E30850F58173F5B2469C6C94C98374AD17C71AF7467D2B6C8D5CC24B28861"
deps_digest = "F8BBB0CCB2491CA29A3DF03D6F92277A4F3574266507ACD77214D37ECA3F3082"
dependencies = [
  { name = "Sui" },
]

[[move.package]]
name = "MoveStdlib"
source = { git = "https://github.com/MystenLabs/sui.git", rev = "framework/testnet", subdir = "crates/sui-framework/packages/move-stdlib" }

[[move.package]]
name = "Sui"
source = { git = "https://github.com/MystenLabs/sui.git", rev = "framework/testnet", subdir = "crates/sui-framework/packages/sui-framework" }

dependencies = [
  { name = "MoveStdlib" },
]

[move.toolchain-version]
compiler-version = "1.33.0"
edition = "2024.beta"
flavor = "sui"

[env]

[env.testnet]
chain-id = "4c78adac"
original-published-id = "0x29d2d49f6d9750e17327a2dcc5ea902c5d6f95980d68e0d0301f0ac8c0425286"
latest-published-id = "0x29d2d49f6d9750e17327a2dcc5ea902c5d6f95980d68e0d0301f0ac8c0425286"
published-version = "1"
